
Microsoft Visual Studio Solution File, Format Version 12.00
# Visual Studio Version 17
VisualStudioVersion = 17.5.2.0
MinimumVisualStudioVersion = 10.0.40219.1
Project("{FAE04EC0-301F-11D3-BF4B-00C04F79EFBC}") = "MentalHealthPortal", "MentalHealthPortal.csproj", "{7F9AA27E-511D-11D7-D3DF-D896854D6DCD}"
EndProject
Project("{FAE04EC0-301F-11D3-BF4B-00C04F79EFBC}") = "RedisCachingApp", "..\..\CourseraBackendDeveloper\07_Data_Algorithms\RedisCachingApp\RedisCachingApp\RedisCachingApp.csproj", "{42B92F4A-863B-4596-A356-5F2C531C6145}"
EndProject
Global
	GlobalSection(SolutionConfigurationPlatforms) = preSolution
		Debug|Any CPU = Debug|Any CPU
		Debug|x64 = Debug|x64
		Debug|x86 = Debug|x86
		Release|Any CPU = Release|Any CPU
		Release|x64 = Release|x64
		Release|x86 = Release|x86
	EndGlobalSection
	GlobalSection(ProjectConfigurationPlatforms) = postSolution
		{7F9AA27E-511D-11D7-D3DF-D896854D6DCD}.Debug|Any CPU.ActiveCfg = Debug|Any CPU
		{7F9AA27E-511D-11D7-D3DF-D896854D6DCD}.Debug|Any CPU.Build.0 = Debug|Any CPU
		{7F9AA27E-511D-11D7-D3DF-D896854D6DCD}.Debug|x64.ActiveCfg = Debug|Any CPU
		{7F9AA27E-511D-11D7-D3DF-D896854D6DCD}.Debug|x64.Build.0 = Debug|Any CPU
		{7F9AA27E-511D-11D7-D3DF-D896854D6DCD}.Debug|x86.ActiveCfg = Debug|Any CPU
		{7F9AA27E-511D-11D7-D3DF-D896854D6DCD}.Debug|x86.Build.0 = Debug|Any CPU
		{7F9AA27E-511D-11D7-D3DF-D896854D6DCD}.Release|Any CPU.ActiveCfg = Release|Any CPU
		{7F9AA27E-511D-11D7-D3DF-D896854D6DCD}.Release|Any CPU.Build.0 = Release|Any CPU
		{7F9AA27E-511D-11D7-D3DF-D896854D6DCD}.Release|x64.ActiveCfg = Release|Any CPU
		{7F9AA27E-511D-11D7-D3DF-D896854D6DCD}.Release|x64.Build.0 = Release|Any CPU
		{7F9AA27E-511D-11D7-D3DF-D896854D6DCD}.Release|x86.ActiveCfg = Release|Any CPU
		{7F9AA27E-511D-11D7-D3DF-D896854D6DCD}.Release|x86.Build.0 = Release|Any CPU
		{42B92F4A-863B-4596-A356-5F2C531C6145}.Debug|Any CPU.ActiveCfg = Debug|Any CPU
		{42B92F4A-863B-4596-A356-5F2C531C6145}.Debug|Any CPU.Build.0 = Debug|Any CPU
		{42B92F4A-863B-4596-A356-5F2C531C6145}.Debug|x64.ActiveCfg = Debug|Any CPU
		{42B92F4A-863B-4596-A356-5F2C531C6145}.Debug|x64.Build.0 = Debug|Any CPU
		{42B92F4A-863B-4596-A356-5F2C531C6145}.Debug|x86.ActiveCfg = Debug|Any CPU
		{42B92F4A-863B-4596-A356-5F2C531C6145}.Debug|x86.Build.0 = Debug|Any CPU
		{42B92F4A-863B-4596-A356-5F2C531C6145}.Release|Any CPU.ActiveCfg = Release|Any CPU
		{42B92F4A-863B-4596-A356-5F2C531C6145}.Release|Any CPU.Build.0 = Release|Any CPU
		{42B92F4A-863B-4596-A356-5F2C531C6145}.Release|x64.ActiveCfg = Release|Any CPU
		{42B92F4A-863B-4596-A356-5F2C531C6145}.Release|x64.Build.0 = Release|Any CPU
		{42B92F4A-863B-4596-A356-5F2C531C6145}.Release|x86.ActiveCfg = Release|Any CPU
		{42B92F4A-863B-4596-A356-5F2C531C6145}.Release|x86.Build.0 = Release|Any CPU
	EndGlobalSection
	GlobalSection(SolutionProperties) = preSolution
		HideSolutionNode = FALSE
	EndGlobalSection
	GlobalSection(ExtensibilityGlobals) = postSolution
		SolutionGuid = {46011BFC-229B-4268-8B3D-6118105F9EA5}
	EndGlobalSection
EndGlobal
